dependencies:
- name: oauth2-proxy
  repository: https://oauth2-proxy.github.io/manifests
  version: 8.3.1
- name: kuma
  repository: https://kumahq.github.io/charts
  version: 2.12.1
digest: sha256:801a40590de433475cac55c647d9c82e057c7da76083f0cd943a527c5e3d23a2
generated: "2025-10-23T02:45:54.183177199Z"
